
Microsoft Visual Studio Solution File, Format Version 12.00
# Visual Studio Version 17
VisualStudioVersion = 17.9.34622.214
MinimumVisualStudioVersion = 10.0.40219.1
Project("{FAE04EC0-301F-11D3-BF4B-00C04F79EFBC}") = "AnSpring.eInvoiceLib", "AnSpring.eInvoiceLib\AnSpring.eInvoiceLib\AnSpring.eInvoiceLib.csproj", "{5C844DCF-0BB5-4B91-90EA-AA3DD86F9D02}"
EndProject
Project("{FAE04EC0-301F-11D3-BF4B-00C04F79EFBC}") = "AnSpring.InvoiceForm", "AnSpring.InvoiceForm\AnSpring.InvoiceForm.csproj", "{CE7618AB-94FA-4308-89BC-BA718A591528}"
EndProject
Global
	GlobalSection(SolutionConfigurationPlatforms) = preSolution
		Debug|Any CPU = Debug|Any CPU
		Release|Any CPU = Release|Any CPU
	EndGlobalSection
	GlobalSection(ProjectConfigurationPlatforms) = postSolution
		{5C844DCF-0BB5-4B91-90EA-AA3DD86F9D02}.Debug|Any CPU.ActiveCfg = Debug|Any CPU
		{5C844DCF-0BB5-4B91-90EA-AA3DD86F9D02}.Debug|Any CPU.Build.0 = Debug|Any CPU
		{5C844DCF-0BB5-4B91-90EA-AA3DD86F9D02}.Release|Any CPU.ActiveCfg = Release|Any CPU
		{5C844DCF-0BB5-4B91-90EA-AA3DD86F9D02}.Release|Any CPU.Build.0 = Release|Any CPU
		{CE7618AB-94FA-4308-89BC-BA718A591528}.Debug|Any CPU.ActiveCfg = Debug|Any CPU
		{CE7618AB-94FA-4308-89BC-BA718A591528}.Debug|Any CPU.Build.0 = Debug|Any CPU
		{CE7618AB-94FA-4308-89BC-BA718A591528}.Release|Any CPU.ActiveCfg = Release|Any CPU
		{CE7618AB-94FA-4308-89BC-BA718A591528}.Release|Any CPU.Build.0 = Release|Any CPU
	EndGlobalSection
	GlobalSection(SolutionProperties) = preSolution
		HideSolutionNode = FALSE
	EndGlobalSection
	GlobalSection(ExtensibilityGlobals) = postSolution
		SolutionGuid = {752A1E6B-DBDB-4C7D-AC4A-FBC5B6ADF6F9}
	EndGlobalSection
EndGlobal
